PODS:
  - Amplitude-iOS (3.0.0)
  - Bolts (1.2.2):
    - Bolts/AppLinks (= 1.2.2)
    - Bolts/Tasks (= 1.2.2)
  - Bolts/AppLinks (1.2.2):
    - Bolts/Tasks
  - Bolts/Tasks (1.2.2)
  - Crashlytics (3.3.1)
  - DateTools (1.7.0)
  - Fabric (1.5.1):
    - Fabric/Base (= 1.5.1)
  - Fabric/Base (1.5.1)
  - FBSDKCoreKit (4.6.0):
    - Bolts (~> 1.1)
    - FBSDKCoreKit/arc (= 4.6.0)
    - FBSDKCoreKit/no-arc (= 4.6.0)
  - FBSDKCoreKit/arc (4.6.0):
    - Bolts (~> 1.1)
  - FBSDKCoreKit/no-arc (4.6.0):
    - Bolts (~> 1.1)
    - FBSDKCoreKit/arc
  - FBSDKLoginKit (4.6.0):
    - FBSDKCoreKit
  - FBSDKShareKit (4.6.0):
    - FBSDKCoreKit
  - GoogleMaps (1.10.2)
  - Parse (1.8.4):
    - Bolts/Tasks (>= 1.2.2)
  - ParseFacebookUtilsV4 (1.8.4):
    - Bolts/Tasks (>= 1.2.2)
    - FBSDKCoreKit (~> 4.0)
    - FBSDKLoginKit (~> 4.0)
    - Parse (~> 1.8.4)

DEPENDENCIES:
  - Amplitude-iOS
  - Crashlytics
  - DateTools
  - Fabric
  - FBSDKCoreKit
  - FBSDKLoginKit
  - FBSDKShareKit
  - GoogleMaps
  - Parse
  - ParseFacebookUtilsV4

SPEC CHECKSUMS:
  Amplitude-iOS: 07875b822c2c935ea7f8021830d375ed4d812d31
  Bolts: 20a2bd788273360cb1e31530dc19b8544eef2544
  Crashlytics: 0e61bdda9def51f1e99720f804eebe94865442b2
  DateTools: 53288ee8b905fdc75897a1e6b5cc0144b14cba60
  Fabric: 03c3b3fe77e11a2bc31421b989a9c7adaa4779a5
  FBSDKCoreKit: 9954492d90c5fd65ae831395697a1660360d61f1
  FBSDKLoginKit: 3d07febbfa884b9878cacba54f705bb41f07d4b6
  FBSDKShareKit: f474f1123791e215d0299b98b3ee92ddd9187d86
  GoogleMaps: 5c92e599b07b0a2a9b367c5dd128edc629bddfea
  Parse: c09d6efe4b2eea752765bc6f365a55516d909079
  ParseFacebookUtilsV4: 888a71305d28e883d4e60cc367544f7bae13223a

COCOAPODS: 0.38.2
