// !$*UTF8*$!
{
	archiveVersion = 1;
	classes = {
	};
	objectVersion = 46;
	objects = {

/* Begin PBXBuildFile section */
		0EB6F515DD0D220EC8E91B1A /* Pods_tipsy.framework in Frameworks */ = {isa = PBXBuildFile; fileRef = C17C68CBC406450F3E7DF87E /* Pods_tipsy.framework */; settings = {ATTRIBUTES = (Weak, ); }; };
		332476DD1B4B5CA300CF0881 /* FeedViewController.swift in Sources */ = {isa = PBXBuildFile; fileRef = 332476DC1B4B5CA300CF0881 /* FeedViewController.swift */; };
		332476DF1B4C7D8D00CF0881 /* TabBarController.swift in Sources */ = {isa = PBXBuildFile; fileRef = 332476DE1B4C7D8D00CF0881 /* TabBarController.swift */; };
		332476E11B4C846600CF0881 /* MeViewController.swift in Sources */ = {isa = PBXBuildFile; fileRef = 332476E01B4C846600CF0881 /* MeViewController.swift */; };
		332476E31B4CE46100CF0881 /* Gender Neutral User-100.png in Resources */ = {isa = PBXBuildFile; fileRef = 332476E21B4CE46100CF0881 /* Gender Neutral User-100.png */; };
		332476E51B4CF0AE00CF0881 /* Compact Camera-100.png in Resources */ = {isa = PBXBuildFile; fileRef = 332476E41B4CF0AE00CF0881 /* Compact Camera-100.png */; };
		332476E91B4E0A4600CF0881 /* FeedTextCell.swift in Sources */ = {isa = PBXBuildFile; fileRef = 332476E81B4E0A4600CF0881 /* FeedTextCell.swift */; };
		332476EB1B4E1B4700CF0881 /* FeedPictureCell.swift in Sources */ = {isa = PBXBuildFile; fileRef = 332476EA1B4E1B4700CF0881 /* FeedPictureCell.swift */; };
		332476ED1B4FDB1E00CF0881 /* login_with_fb.png in Resources */ = {isa = PBXBuildFile; fileRef = 332476EC1B4FDB1E00CF0881 /* login_with_fb.png */; };
		332476EF1B4FDC8500CF0881 /* login_with_fb_208x51.png in Resources */ = {isa = PBXBuildFile; fileRef = 332476EE1B4FDC8500CF0881 /* login_with_fb_208x51.png */; };
		332476F11B51811100CF0881 /* QueryController.swift in Sources */ = {isa = PBXBuildFile; fileRef = 332476F01B51811100CF0881 /* QueryController.swift */; };
		3339CDD31B3B832D001C222C /* LocationViewController.swift in Sources */ = {isa = PBXBuildFile; fileRef = 3339CDD21B3B832D001C222C /* LocationViewController.swift */; };
		3339CDD51B422165001C222C /* Map-50.png in Resources */ = {isa = PBXBuildFile; fileRef = 3339CDD41B422165001C222C /* Map-50.png */; };
		3339CDD71B422186001C222C /* Map-25.png in Resources */ = {isa = PBXBuildFile; fileRef = 3339CDD61B422186001C222C /* Map-25.png */; };
		3339CDD91B4222DE001C222C /* RSS-25.png in Resources */ = {isa = PBXBuildFile; fileRef = 3339CDD81B4222DE001C222C /* RSS-25.png */; };
		3339CDDB1B4223CA001C222C /* Gender Neutral User-25.png in Resources */ = {isa = PBXBuildFile; fileRef = 3339CDDA1B4223CA001C222C /* Gender Neutral User-25.png */; };
		3339CDDD1B42253A001C222C /* Edit-25.png in Resources */ = {isa = PBXBuildFile; fileRef = 3339CDDC1B42253A001C222C /* Edit-25.png */; };
		3339CDDF1B422C9B001C222C /* libsqlite3.dylib in Frameworks */ = {isa = PBXBuildFile; fileRef = 3339CDDE1B422C9B001C222C /* libsqlite3.dylib */; };
		3339CDF21B423EB2001C222C /* Checkin.swift in Sources */ = {isa = PBXBuildFile; fileRef = 3339CDF11B423EB2001C222C /* Checkin.swift */; };
		3339CDF41B4244D1001C222C /* Util.swift in Sources */ = {isa = PBXBuildFile; fileRef = 3339CDF31B4244D1001C222C /* Util.swift */; };
		3339CDF61B424B7D001C222C /* ModelManager.swift in Sources */ = {isa = PBXBuildFile; fileRef = 3339CDF51B424B7D001C222C /* ModelManager.swift */; };
		3339CE121B424EE6001C222C /* FMDatabase.m in Sources */ = {isa = PBXBuildFile; fileRef = 3339CE091B424EE6001C222C /* FMDatabase.m */; };
		3339CE131B424EE6001C222C /* FMResultSet.m in Sources */ = {isa = PBXBuildFile; fileRef = 3339CE0B1B424EE6001C222C /* FMResultSet.m */; };
		3339CE141B424EE6001C222C /* FMDatabaseQueue.m in Sources */ = {isa = PBXBuildFile; fileRef = 3339CE0D1B424EE6001C222C /* FMDatabaseQueue.m */; };
		3339CE151B424EE6001C222C /* FMDatabaseAdditions.m in Sources */ = {isa = PBXBuildFile; fileRef = 3339CE0F1B424EE6001C222C /* FMDatabaseAdditions.m */; };
		3339CE161B424EE6001C222C /* FMDatabasePool.m in Sources */ = {isa = PBXBuildFile; fileRef = 3339CE111B424EE6001C222C /* FMDatabasePool.m */; };
		3339CE181B425172001C222C /* CheckInViewController.swift in Sources */ = {isa = PBXBuildFile; fileRef = 3339CE171B425172001C222C /* CheckInViewController.swift */; };
		3339CE1A1B4357C2001C222C /* ProfileViewController.swift in Sources */ = {isa = PBXBuildFile; fileRef = 3339CE191B4357C2001C222C /* ProfileViewController.swift */; };
		3339CE281B43A971001C222C /* AudioToolbox.framework in Frameworks */ = {isa = PBXBuildFile; fileRef = 3339CE271B43A971001C222C /* AudioToolbox.framework */; };
		3339CE2A1B43A977001C222C /* CFNetwork.framework in Frameworks */ = {isa = PBXBuildFile; fileRef = 3339CE291B43A977001C222C /* CFNetwork.framework */; };
		3339CE2C1B43A97D001C222C /* CoreGraphics.framework in Frameworks */ = {isa = PBXBuildFile; fileRef = 3339CE2B1B43A97D001C222C /* CoreGraphics.framework */; };
		3339CE2E1B43A983001C222C /* CoreLocation.framework in Frameworks */ = {isa = PBXBuildFile; fileRef = 3339CE2D1B43A983001C222C /* CoreLocation.framework */; };
		3339CE301B43A98A001C222C /* MobileCoreServices.framework in Frameworks */ = {isa = PBXBuildFile; fileRef = 3339CE2F1B43A98A001C222C /* MobileCoreServices.framework */; };
		3339CE321B43A992001C222C /* QuartzCore.framework in Frameworks */ = {isa = PBXBuildFile; fileRef = 3339CE311B43A992001C222C /* QuartzCore.framework */; };
		3339CE341B43A999001C222C /* Security.framework in Frameworks */ = {isa = PBXBuildFile; fileRef = 3339CE331B43A999001C222C /* Security.framework */; };
		3339CE361B43A99E001C222C /* StoreKit.framework in Frameworks */ = {isa = PBXBuildFile; fileRef = 3339CE351B43A99E001C222C /* StoreKit.framework */; };
		3339CE381B43A9A7001C222C /* SystemConfiguration.framework in Frameworks */ = {isa = PBXBuildFile; fileRef = 3339CE371B43A9A7001C222C /* SystemConfiguration.framework */; };
		3339CE3A1B43A9AF001C222C /* libz.dylib in Frameworks */ = {isa = PBXBuildFile; fileRef = 3339CE391B43A9AF001C222C /* libz.dylib */; };
		3339CE3C1B43AD2D001C222C /* Accounts.framework in Frameworks */ = {isa = PBXBuildFile; fileRef = 3339CE3B1B43AD2D001C222C /* Accounts.framework */; };
		3339CE3E1B43AD32001C222C /* Social.framework in Frameworks */ = {isa = PBXBuildFile; fileRef = 3339CE3D1B43AD32001C222C /* Social.framework */; };
		3339CE441B43B084001C222C /* InitialViewController.swift in Sources */ = {isa = PBXBuildFile; fileRef = 3339CE431B43B084001C222C /* InitialViewController.swift */; };
		3339CE4E1B43D2CA001C222C /* FBSDKCoreKit.framework in Frameworks */ = {isa = PBXBuildFile; fileRef = 3339CE4D1B43D2CA001C222C /* FBSDKCoreKit.framework */; };
		3339CE531B43D305001C222C /* Bolts.framework in Frameworks */ = {isa = PBXBuildFile; fileRef = 3339CE4F1B43D305001C222C /* Bolts.framework */; };
		3339CE541B43D305001C222C /* FBSDKLoginKit.framework in Frameworks */ = {isa = PBXBuildFile; fileRef = 3339CE501B43D305001C222C /* FBSDKLoginKit.framework */; };
		3339CE551B43D305001C222C /* FBSDKMessengerShareKit.framework in Frameworks */ = {isa = PBXBuildFile; fileRef = 3339CE511B43D305001C222C /* FBSDKMessengerShareKit.framework */; };
		3339CE561B43D305001C222C /* FBSDKShareKit.framework in Frameworks */ = {isa = PBXBuildFile; fileRef = 3339CE521B43D305001C222C /* FBSDKShareKit.framework */; };
		3339CE591B43D352001C222C /* Bolts.framework in Frameworks */ = {isa = PBXBuildFile; fileRef = 3339CE571B43D352001C222C /* Bolts.framework */; };
		3339CE5A1B43D352001C222C /* Parse.framework in Frameworks */ = {isa = PBXBuildFile; fileRef = 3339CE581B43D352001C222C /* Parse.framework */; };
		3339CE5E1B43D389001C222C /* ParseFacebookUtilsV4.framework in Frameworks */ = {isa = PBXBuildFile; fileRef = 3339CE5D1B43D389001C222C /* ParseFacebookUtilsV4.framework */; };
		3339CE601B44ACDB001C222C /* CheckinAnnotation.swift in Sources */ = {isa = PBXBuildFile; fileRef = 3339CE5F1B44ACDB001C222C /* CheckinAnnotation.swift */; };
		3339CE621B47D89C001C222C /* CheckinAnnotationView.swift in Sources */ = {isa = PBXBuildFile; fileRef = 3339CE611B47D89C001C222C /* CheckinAnnotationView.swift */; };
		336344961B3283F800DF3D90 /* AppDelegate.swift in Sources */ = {isa = PBXBuildFile; fileRef = 336344951B3283F800DF3D90 /* AppDelegate.swift */; };
		336344981B3283F800DF3D90 /* ViewController.swift in Sources */ = {isa = PBXBuildFile; fileRef = 336344971B3283F800DF3D90 /* ViewController.swift */; };
		3363449B1B3283F800DF3D90 /* Main.storyboard in Resources */ = {isa = PBXBuildFile; fileRef = 336344991B3283F800DF3D90 /* Main.storyboard */; };
		3363449D1B3283F800DF3D90 /* Images.xcassets in Resources */ = {isa = PBXBuildFile; fileRef = 3363449C1B3283F800DF3D90 /* Images.xcassets */; };
		336344A01B3283F800DF3D90 /* LaunchScreen.xib in Resources */ = {isa = PBXBuildFile; fileRef = 3363449E1B3283F800DF3D90 /* LaunchScreen.xib */; };
		336344AC1B3283F800DF3D90 /* tipsyTests.swift in Sources */ = {isa = PBXBuildFile; fileRef = 336344AB1B3283F800DF3D90 /* tipsyTests.swift */; };
		336344BF1B3358D500DF3D90 /* FriendsListViewController.swift in Sources */ = {isa = PBXBuildFile; fileRef = 336344BE1B3358D500DF3D90 /* FriendsListViewController.swift */; };
		336344C11B3B271200DF3D90 /* FacebookController.swift in Sources */ = {isa = PBXBuildFile; fileRef = 336344C01B3B271200DF3D90 /* FacebookController.swift */; };
/* End PBXBuildFile section */

/* Begin PBXContainerItemProxy section */
		336344A61B3283F800DF3D90 /* PBXContainerItemProxy */ = {
			isa = PBXContainerItemProxy;
			containerPortal = 336344881B3283F800DF3D90 /* Project object */;
			proxyType = 1;
			remoteGlobalIDString = 3363448F1B3283F800DF3D90;
			remoteInfo = tipsy;
		};
/* End PBXContainerItemProxy section */

/* Begin PBXFileReference section */
		329318A9E52DEB351C66B293 /* Pods-tipsy.debug.xcconfig */ = {isa = PBXFileReference; includeInIndex = 1; lastKnownFileType = text.xcconfig; name = "Pods-tipsy.debug.xcconfig"; path = "Pods/Target Support Files/Pods-tipsy/Pods-tipsy.debug.xcconfig"; sourceTree = "<group>"; };
		332476DC1B4B5CA300CF0881 /* FeedViewController.swift */ = {isa = PBXFileReference; fileEncoding = 4; lastKnownFileType = sourcecode.swift; path = FeedViewController.swift; sourceTree = "<group>"; };
		332476DE1B4C7D8D00CF0881 /* TabBarController.swift */ = {isa = PBXFileReference; fileEncoding = 4; lastKnownFileType = sourcecode.swift; path = TabBarController.swift; sourceTree = "<group>"; };
		332476E01B4C846600CF0881 /* MeViewController.swift */ = {isa = PBXFileReference; fileEncoding = 4; lastKnownFileType = sourcecode.swift; path = MeViewController.swift; sourceTree = "<group>"; };
		332476E21B4CE46100CF0881 /* Gender Neutral User-100.png */ = {isa = PBXFileReference; lastKnownFileType = image.png; path = "Gender Neutral User-100.png"; sourceTree = "<group>"; };
		332476E41B4CF0AE00CF0881 /* Compact Camera-100.png */ = {isa = PBXFileReference; lastKnownFileType = image.png; path = "Compact Camera-100.png"; sourceTree = "<group>"; };
		332476E81B4E0A4600CF0881 /* FeedTextCell.swift */ = {isa = PBXFileReference; fileEncoding = 4; lastKnownFileType = sourcecode.swift; path = FeedTextCell.swift; sourceTree = "<group>"; };
		332476EA1B4E1B4700CF0881 /* FeedPictureCell.swift */ = {isa = PBXFileReference; fileEncoding = 4; lastKnownFileType = sourcecode.swift; path = FeedPictureCell.swift; sourceTree = "<group>"; };
		332476EC1B4FDB1E00CF0881 /* login_with_fb.png */ = {isa = PBXFileReference; lastKnownFileType = image.png; name = login_with_fb.png; path = ../login_with_fb.png; sourceTree = "<group>"; };
		332476EE1B4FDC8500CF0881 /* login_with_fb_208x51.png */ = {isa = PBXFileReference; lastKnownFileType = image.png; path = login_with_fb_208x51.png; sourceTree = "<group>"; };
		332476F01B51811100CF0881 /* QueryController.swift */ = {isa = PBXFileReference; fileEncoding = 4; lastKnownFileType = sourcecode.swift; path = QueryController.swift; sourceTree = "<group>"; };
		3339CDD21B3B832D001C222C /* LocationViewController.swift */ = {isa = PBXFileReference; fileEncoding = 4; lastKnownFileType = sourcecode.swift; path = LocationViewController.swift; sourceTree = "<group>"; };
		3339CDD41B422165001C222C /* Map-50.png */ = {isa = PBXFileReference; lastKnownFileType = image.png; name = "Map-50.png"; path = "../../../../Downloads/Map-50.png"; sourceTree = "<group>"; };
		3339CDD61B422186001C222C /* Map-25.png */ = {isa = PBXFileReference; lastKnownFileType = image.png; name = "Map-25.png"; path = "../../../../Downloads/Map-25.png"; sourceTree = "<group>"; };
		3339CDD81B4222DE001C222C /* RSS-25.png */ = {isa = PBXFileReference; lastKnownFileType = image.png; name = "RSS-25.png"; path = "../../../../Downloads/RSS-25.png"; sourceTree = "<group>"; };
		3339CDDA1B4223CA001C222C /* Gender Neutral User-25.png */ = {isa = PBXFileReference; lastKnownFileType = image.png; name = "Gender Neutral User-25.png"; path = "../../../../Downloads/Gender Neutral User-25.png"; sourceTree = "<group>"; };
		3339CDDC1B42253A001C222C /* Edit-25.png */ = {isa = PBXFileReference; lastKnownFileType = image.png; name = "Edit-25.png"; path = "../../../../Downloads/Edit-25.png"; sourceTree = "<group>"; };
		3339CDDE1B422C9B001C222C /* libsqlite3.dylib */ = {isa = PBXFileReference; lastKnownFileType = "compiled.mach-o.dylib"; name = libsqlite3.dylib; path = usr/lib/libsqlite3.dylib; sourceTree = SDKROOT; };
		3339CDF11B423EB2001C222C /* Checkin.swift */ = {isa = PBXFileReference; fileEncoding = 4; lastKnownFileType = sourcecode.swift; path = Checkin.swift; sourceTree = "<group>"; };
		3339CDF31B4244D1001C222C /* Util.swift */ = {isa = PBXFileReference; fileEncoding = 4; lastKnownFileType = sourcecode.swift; path = Util.swift; sourceTree = "<group>"; };
		3339CDF51B424B7D001C222C /* ModelManager.swift */ = {isa = PBXFileReference; fileEncoding = 4; lastKnownFileType = sourcecode.swift; path = ModelManager.swift; sourceTree = "<group>"; };
		3339CE071B424EE6001C222C /* FMDB.h */ = {isa = PBXFileReference; fileEncoding = 4; lastKnownFileType = sourcecode.c.h; name = FMDB.h; path = ../../fmdb/src/fmdb/FMDB.h; sourceTree = "<group>"; };
		3339CE081B424EE6001C222C /* FMDatabase.h */ = {isa = PBXFileReference; fileEncoding = 4; lastKnownFileType = sourcecode.c.h; name = FMDatabase.h; path = ../../fmdb/src/fmdb/FMDatabase.h; sourceTree = "<group>"; };
		3339CE091B424EE6001C222C /* FMDatabase.m */ = {isa = PBXFileReference; fileEncoding = 4; lastKnownFileType = sourcecode.c.objc; name = FMDatabase.m; path = ../../fmdb/src/fmdb/FMDatabase.m; sourceTree = "<group>"; };
		3339CE0A1B424EE6001C222C /* FMResultSet.h */ = {isa = PBXFileReference; fileEncoding = 4; lastKnownFileType = sourcecode.c.h; name = FMResultSet.h; path = ../../fmdb/src/fmdb/FMResultSet.h; sourceTree = "<group>"; };
		3339CE0B1B424EE6001C222C /* FMResultSet.m */ = {isa = PBXFileReference; fileEncoding = 4; lastKnownFileType = sourcecode.c.objc; name = FMResultSet.m; path = ../../fmdb/src/fmdb/FMResultSet.m; sourceTree = "<group>"; };
		3339CE0C1B424EE6001C222C /* FMDatabaseQueue.h */ = {isa = PBXFileReference; fileEncoding = 4; lastKnownFileType = sourcecode.c.h; name = FMDatabaseQueue.h; path = ../../fmdb/src/fmdb/FMDatabaseQueue.h; sourceTree = "<group>"; };
		3339CE0D1B424EE6001C222C /* FMDatabaseQueue.m */ = {isa = PBXFileReference; fileEncoding = 4; lastKnownFileType = sourcecode.c.objc; name = FMDatabaseQueue.m; path = ../../fmdb/src/fmdb/FMDatabaseQueue.m; sourceTree = "<group>"; };
		3339CE0E1B424EE6001C222C /* FMDatabaseAdditions.h */ = {isa = PBXFileReference; fileEncoding = 4; lastKnownFileType = sourcecode.c.h; name = FMDatabaseAdditions.h; path = ../../fmdb/src/fmdb/FMDatabaseAdditions.h; sourceTree = "<group>"; };
		3339CE0F1B424EE6001C222C /* FMDatabaseAdditions.m */ = {isa = PBXFileReference; fileEncoding = 4; lastKnownFileType = sourcecode.c.objc; name = FMDatabaseAdditions.m; path = ../../fmdb/src/fmdb/FMDatabaseAdditions.m; sourceTree = "<group>"; };
		3339CE101B424EE6001C222C /* FMDatabasePool.h */ = {isa = PBXFileReference; fileEncoding = 4; lastKnownFileType = sourcecode.c.h; name = FMDatabasePool.h; path = ../../fmdb/src/fmdb/FMDatabasePool.h; sourceTree = "<group>"; };
		3339CE111B424EE6001C222C /* FMDatabasePool.m */ = {isa = PBXFileReference; fileEncoding = 4; lastKnownFileType = sourcecode.c.objc; name = FMDatabasePool.m; path = ../../fmdb/src/fmdb/FMDatabasePool.m; sourceTree = "<group>"; };
		3339CE171B425172001C222C /* CheckInViewController.swift */ = {isa = PBXFileReference; fileEncoding = 4; lastKnownFileType = sourcecode.swift; path = CheckInViewController.swift; sourceTree = "<group>"; };
		3339CE191B4357C2001C222C /* ProfileViewController.swift */ = {isa = PBXFileReference; fileEncoding = 4; lastKnownFileType = sourcecode.swift; path = ProfileViewController.swift; sourceTree = "<group>"; };
		3339CE271B43A971001C222C /* AudioToolbox.framework */ = {isa = PBXFileReference; lastKnownFileType = wrapper.framework; name = AudioToolbox.framework; path = System/Library/Frameworks/AudioToolbox.framework; sourceTree = SDKROOT; };
		3339CE291B43A977001C222C /* CFNetwork.framework */ = {isa = PBXFileReference; lastKnownFileType = wrapper.framework; name = CFNetwork.framework; path = System/Library/Frameworks/CFNetwork.framework; sourceTree = SDKROOT; };
		3339CE2B1B43A97D001C222C /* CoreGraphics.framework */ = {isa = PBXFileReference; lastKnownFileType = wrapper.framework; name = CoreGraphics.framework; path = System/Library/Frameworks/CoreGraphics.framework; sourceTree = SDKROOT; };
		3339CE2D1B43A983001C222C /* CoreLocation.framework */ = {isa = PBXFileReference; lastKnownFileType = wrapper.framework; name = CoreLocation.framework; path = System/Library/Frameworks/CoreLocation.framework; sourceTree = SDKROOT; };
		3339CE2F1B43A98A001C222C /* MobileCoreServices.framework */ = {isa = PBXFileReference; lastKnownFileType = wrapper.framework; name = MobileCoreServices.framework; path = System/Library/Frameworks/MobileCoreServices.framework; sourceTree = SDKROOT; };
		3339CE311B43A992001C222C /* QuartzCore.framework */ = {isa = PBXFileReference; lastKnownFileType = wrapper.framework; name = QuartzCore.framework; path = System/Library/Frameworks/QuartzCore.framework; sourceTree = SDKROOT; };
		3339CE331B43A999001C222C /* Security.framework */ = {isa = PBXFileReference; lastKnownFileType = wrapper.framework; name = Security.framework; path = System/Library/Frameworks/Security.framework; sourceTree = SDKROOT; };
		3339CE351B43A99E001C222C /* StoreKit.framework */ = {isa = PBXFileReference; lastKnownFileType = wrapper.framework; name = StoreKit.framework; path = System/Library/Frameworks/StoreKit.framework; sourceTree = SDKROOT; };
		3339CE371B43A9A7001C222C /* SystemConfiguration.framework */ = {isa = PBXFileReference; lastKnownFileType = wrapper.framework; name = SystemConfiguration.framework; path = System/Library/Frameworks/SystemConfiguration.framework; sourceTree = SDKROOT; };
		3339CE391B43A9AF001C222C /* libz.dylib */ = {isa = PBXFileReference; lastKnownFileType = "compiled.mach-o.dylib"; name = libz.dylib; path = usr/lib/libz.dylib; sourceTree = SDKROOT; };
		3339CE3B1B43AD2D001C222C /* Accounts.framework */ = {isa = PBXFileReference; lastKnownFileType = wrapper.framework; name = Accounts.framework; path = System/Library/Frameworks/Accounts.framework; sourceTree = SDKROOT; };
		3339CE3D1B43AD32001C222C /* Social.framework */ = {isa = PBXFileReference; lastKnownFileType = wrapper.framework; name = Social.framework; path = System/Library/Frameworks/Social.framework; sourceTree = SDKROOT; };
		3339CE431B43B084001C222C /* InitialViewController.swift */ = {isa = PBXFileReference; fileEncoding = 4; lastKnownFileType = sourcecode.swift; path = InitialViewController.swift; sourceTree = "<group>"; };
		3339CE4D1B43D2CA001C222C /* FBSDKCoreKit.framework */ = {isa = PBXFileReference; lastKnownFileType = wrapper.framework; name = FBSDKCoreKit.framework; path = ../../FacebookSDK/FBSDKCoreKit.framework; sourceTree = "<group>"; };
		3339CE4F1B43D305001C222C /* Bolts.framework */ = {isa = PBXFileReference; lastKnownFileType = wrapper.framework; name = Bolts.framework; path = ../../FacebookSDK/Bolts.framework; sourceTree = "<group>"; };
		3339CE501B43D305001C222C /* FBSDKLoginKit.framework */ = {isa = PBXFileReference; lastKnownFileType = wrapper.framework; name = FBSDKLoginKit.framework; path = ../../FacebookSDK/FBSDKLoginKit.framework; sourceTree = "<group>"; };
		3339CE511B43D305001C222C /* FBSDKMessengerShareKit.framework */ = {isa = PBXFileReference; lastKnownFileType = wrapper.framework; name = FBSDKMessengerShareKit.framework; path = ../../FacebookSDK/FBSDKMessengerShareKit.framework; sourceTree = "<group>"; };
		3339CE521B43D305001C222C /* FBSDKShareKit.framework */ = {isa = PBXFileReference; lastKnownFileType = wrapper.framework; name = FBSDKShareKit.framework; path = ../../FacebookSDK/FBSDKShareKit.framework; sourceTree = "<group>"; };
		3339CE571B43D352001C222C /* Bolts.framework */ = {isa = PBXFileReference; lastKnownFileType = wrapper.framework; path = Bolts.framework; sourceTree = "<group>"; };
		3339CE581B43D352001C222C /* Parse.framework */ = {isa = PBXFileReference; lastKnownFileType = wrapper.framework; path = Parse.framework; sourceTree = "<group>"; };
		3339CE5D1B43D389001C222C /* ParseFacebookUtilsV4.framework */ = {isa = PBXFileReference; lastKnownFileType = wrapper.framework; path = ParseFacebookUtilsV4.framework; sourceTree = "<group>"; };
		3339CE5F1B44ACDB001C222C /* CheckinAnnotation.swift */ = {isa = PBXFileReference; fileEncoding = 4; lastKnownFileType = sourcecode.swift; name = CheckinAnnotation.swift; path = ../CheckinAnnotation.swift; sourceTree = "<group>"; };
		3339CE611B47D89C001C222C /* CheckinAnnotationView.swift */ = {isa = PBXFileReference; fileEncoding = 4; lastKnownFileType = sourcecode.swift; path = CheckinAnnotationView.swift; sourceTree = "<group>"; };
		336344901B3283F800DF3D90 /* tipsy.app */ = {isa = PBXFileReference; explicitFileType = wrapper.application; includeInIndex = 0; path = tipsy.app; sourceTree = BUILT_PRODUCTS_DIR; };
		336344941B3283F800DF3D90 /* Info.plist */ = {isa = PBXFileReference; lastKnownFileType = text.plist.xml; path = Info.plist; sourceTree = "<group>"; };
		336344951B3283F800DF3D90 /* AppDelegate.swift */ = {isa = PBXFileReference; lastKnownFileType = sourcecode.swift; path = AppDelegate.swift; sourceTree = "<group>"; };
		336344971B3283F800DF3D90 /* ViewController.swift */ = {isa = PBXFileReference; lastKnownFileType = sourcecode.swift; path = ViewController.swift; sourceTree = "<group>"; };
		3363449A1B3283F800DF3D90 /* Base */ = {isa = PBXFileReference; lastKnownFileType = file.storyboard; name = Base; path = Base.lproj/Main.storyboard; sourceTree = "<group>"; };
		3363449C1B3283F800DF3D90 /* Images.xcassets */ = {isa = PBXFileReference; lastKnownFileType = folder.assetcatalog; path = Images.xcassets; sourceTree = "<group>"; };
		3363449F1B3283F800DF3D90 /* Base */ = {isa = PBXFileReference; lastKnownFileType = file.xib; name = Base; path = Base.lproj/LaunchScreen.xib; sourceTree = "<group>"; };
		336344A51B3283F800DF3D90 /* tipsyTests.xctest */ = {isa = PBXFileReference; explicitFileType = wrapper.cfbundle; includeInIndex = 0; path = tipsyTests.xctest; sourceTree = BUILT_PRODUCTS_DIR; };
		336344AA1B3283F800DF3D90 /* Info.plist */ = {isa = PBXFileReference; lastKnownFileType = text.plist.xml; path = Info.plist; sourceTree = "<group>"; };
		336344AB1B3283F800DF3D90 /* tipsyTests.swift */ = {isa = PBXFileReference; lastKnownFileType = sourcecode.swift; path = tipsyTests.swift; sourceTree = "<group>"; };
		336344BB1B32893900DF3D90 /* Bridging-Header.h */ = {isa = PBXFileReference; lastKnownFileType = sourcecode.c.h; path = "Bridging-Header.h"; sourceTree = "<group>"; };
		336344BE1B3358D500DF3D90 /* FriendsListViewController.swift */ = {isa = PBXFileReference; fileEncoding = 4; lastKnownFileType = sourcecode.swift; path = FriendsListViewController.swift; sourceTree = "<group>"; };
		336344C01B3B271200DF3D90 /* FacebookController.swift */ = {isa = PBXFileReference; fileEncoding = 4; lastKnownFileType = sourcecode.swift; path = FacebookController.swift; sourceTree = "<group>"; };
		C17C68CBC406450F3E7DF87E /* Pods_tipsy.framework */ = {isa = PBXFileReference; explicitFileType = wrapper.framework; includeInIndex = 0; path = Pods_tipsy.framework; sourceTree = BUILT_PRODUCTS_DIR; };
		EE608E87B177E85FD1EFE7C0 /* Pods-tipsy.release.xcconfig */ = {isa = PBXFileReference; includeInIndex = 1; lastKnownFileType = text.xcconfig; name = "Pods-tipsy.release.xcconfig"; path = "Pods/Target Support Files/Pods-tipsy/Pods-tipsy.release.xcconfig"; sourceTree = "<group>"; };
/* End PBXFileReference section */

/* Begin PBXFrameworksBuildPhase section */
		3363448D1B3283F800DF3D90 /* Frameworks */ = {
			isa = PBXFrameworksBuildPhase;
			buildActionMask = 2147483647;
			files = (
				3339CE541B43D305001C222C /* FBSDKLoginKit.framework in Frameworks */,
				3339CE3E1B43AD32001C222C /* Social.framework in Frameworks */,
				3339CE3C1B43AD2D001C222C /* Accounts.framework in Frameworks */,
				3339CE4E1B43D2CA001C222C /* FBSDKCoreKit.framework in Frameworks */,
				3339CE551B43D305001C222C /* FBSDKMessengerShareKit.framework in Frameworks */,
				3339CE3A1B43A9AF001C222C /* libz.dylib in Frameworks */,
				3339CE381B43A9A7001C222C /* SystemConfiguration.framework in Frameworks */,
				3339CE361B43A99E001C222C /* StoreKit.framework in Frameworks */,
				3339CE341B43A999001C222C /* Security.framework in Frameworks */,
				3339CE321B43A992001C222C /* QuartzCore.framework in Frameworks */,
				3339CE5A1B43D352001C222C /* Parse.framework in Frameworks */,
				3339CE301B43A98A001C222C /* MobileCoreServices.framework in Frameworks */,
				3339CE2E1B43A983001C222C /* CoreLocation.framework in Frameworks */,
				3339CE561B43D305001C222C /* FBSDKShareKit.framework in Frameworks */,
				3339CE2C1B43A97D001C222C /* CoreGraphics.framework in Frameworks */,
				3339CE2A1B43A977001C222C /* CFNetwork.framework in Frameworks */,
				3339CE5E1B43D389001C222C /* ParseFacebookUtilsV4.framework in Frameworks */,
				3339CE591B43D352001C222C /* Bolts.framework in Frameworks */,
				3339CE281B43A971001C222C /* AudioToolbox.framework in Frameworks */,
				3339CDDF1B422C9B001C222C /* libsqlite3.dylib in Frameworks */,
				0EB6F515DD0D220EC8E91B1A /* Pods_tipsy.framework in Frameworks */,
				3339CE531B43D305001C222C /* Bolts.framework in Frameworks */,
			);
			runOnlyForDeploymentPostprocessing = 0;
		};
		336344A21B3283F800DF3D90 /* Frameworks */ = {
			isa = PBXFrameworksBuildPhase;
			buildActionMask = 2147483647;
			files = (
			);
			runOnlyForDeploymentPostprocessing = 0;
		};
/* End PBXFrameworksBuildPhase section */

/* Begin PBXGroup section */
		336344871B3283F800DF3D90 = {
			isa = PBXGroup;
			children = (
				336344921B3283F800DF3D90 /* tipsy */,
				336344A81B3283F800DF3D90 /* tipsyTests */,
				336344911B3283F800DF3D90 /* Products */,
				61752CEC4A8536A6ECE6FD63 /* Pods */,
				A8ED42A2B6BF0F87DAAC8F3B /* Frameworks */,
			);
			sourceTree = "<group>";
		};
		336344911B3283F800DF3D90 /* Products */ = {
			isa = PBXGroup;
			children = (
				336344901B3283F800DF3D90 /* tipsy.app */,
				336344A51B3283F800DF3D90 /* tipsyTests.xctest */,
			);
			name = Products;
			sourceTree = "<group>";
		};
		336344921B3283F800DF3D90 /* tipsy */ = {
			isa = PBXGroup;
			children = (
				3339CE071B424EE6001C222C /* FMDB.h */,
				3339CE081B424EE6001C222C /* FMDatabase.h */,
				3339CE091B424EE6001C222C /* FMDatabase.m */,
				3339CE0A1B424EE6001C222C /* FMResultSet.h */,
				3339CE0B1B424EE6001C222C /* FMResultSet.m */,
				3339CE0C1B424EE6001C222C /* FMDatabaseQueue.h */,
				3339CE0D1B424EE6001C222C /* FMDatabaseQueue.m */,
				3339CE0E1B424EE6001C222C /* FMDatabaseAdditions.h */,
				3339CE0F1B424EE6001C222C /* FMDatabaseAdditions.m */,
				3339CE101B424EE6001C222C /* FMDatabasePool.h */,
				3339CE111B424EE6001C222C /* FMDatabasePool.m */,
				3339CDF31B4244D1001C222C /* Util.swift */,
				332476EC1B4FDB1E00CF0881 /* login_with_fb.png */,
				332476EE1B4FDC8500CF0881 /* login_with_fb_208x51.png */,
				3339CDD41B422165001C222C /* Map-50.png */,
				332476E21B4CE46100CF0881 /* Gender Neutral User-100.png */,
				3339CDD81B4222DE001C222C /* RSS-25.png */,
				3339CDDC1B42253A001C222C /* Edit-25.png */,
				332476E41B4CF0AE00CF0881 /* Compact Camera-100.png */,
				3339CDD61B422186001C222C /* Map-25.png */,
				3339CDDA1B4223CA001C222C /* Gender Neutral User-25.png */,
				336344951B3283F800DF3D90 /* AppDelegate.swift */,
				332476E01B4C846600CF0881 /* MeViewController.swift */,
				332476DE1B4C7D8D00CF0881 /* TabBarController.swift */,
				3339CDF51B424B7D001C222C /* ModelManager.swift */,
				336344971B3283F800DF3D90 /* ViewController.swift */,
				336344BE1B3358D500DF3D90 /* FriendsListViewController.swift */,
				3339CE171B425172001C222C /* CheckInViewController.swift */,
				3339CE191B4357C2001C222C /* ProfileViewController.swift */,
				3339CE5F1B44ACDB001C222C /* CheckinAnnotation.swift */,
				3339CE611B47D89C001C222C /* CheckinAnnotationView.swift */,
				3339CDF11B423EB2001C222C /* Checkin.swift */,
				3339CE431B43B084001C222C /* InitialViewController.swift */,
				3339CDD21B3B832D001C222C /* LocationViewController.swift */,
				332476DC1B4B5CA300CF0881 /* FeedViewController.swift */,
				332476F01B51811100CF0881 /* QueryController.swift */,
				336344C01B3B271200DF3D90 /* FacebookController.swift */,
				336344991B3283F800DF3D90 /* Main.storyboard */,
				332476E81B4E0A4600CF0881 /* FeedTextCell.swift */,
				332476EA1B4E1B4700CF0881 /* FeedPictureCell.swift */,
				3363449C1B3283F800DF3D90 /* Images.xcassets */,
				3363449E1B3283F800DF3D90 /* LaunchScreen.xib */,
				336344931B3283F800DF3D90 /* Supporting Files */,
			);
			path = tipsy;
			sourceTree = "<group>";
		};
		336344931B3283F800DF3D90 /* Supporting Files */ = {
			isa = PBXGroup;
			children = (
				336344941B3283F800DF3D90 /* Info.plist */,
				336344BB1B32893900DF3D90 /* Bridging-Header.h */,
			);
			name = "Supporting Files";
			sourceTree = "<group>";
		};
		336344A81B3283F800DF3D90 /* tipsyTests */ = {
			isa = PBXGroup;
			children = (
				336344AB1B3283F800DF3D90 /* tipsyTests.swift */,
				336344A91B3283F800DF3D90 /* Supporting Files */,
			);
			path = tipsyTests;
			sourceTree = "<group>";
		};
		336344A91B3283F800DF3D90 /* Supporting Files */ = {
			isa = PBXGroup;
			children = (
				336344AA1B3283F800DF3D90 /* Info.plist */,
			);
			name = "Supporting Files";
			sourceTree = "<group>";
		};
		61752CEC4A8536A6ECE6FD63 /* Pods */ = {
			isa = PBXGroup;
			children = (
				329318A9E52DEB351C66B293 /* Pods-tipsy.debug.xcconfig */,
				EE608E87B177E85FD1EFE7C0 /* Pods-tipsy.release.xcconfig */,
			);
			name = Pods;
			sourceTree = "<group>";
		};
		A8ED42A2B6BF0F87DAAC8F3B /* Frameworks */ = {
			isa = PBXGroup;
			children = (
				3339CE571B43D352001C222C /* Bolts.framework */,
				3339CE581B43D352001C222C /* Parse.framework */,
				3339CE4F1B43D305001C222C /* Bolts.framework */,
				3339CE501B43D305001C222C /* FBSDKLoginKit.framework */,
				3339CE511B43D305001C222C /* FBSDKMessengerShareKit.framework */,
				3339CE521B43D305001C222C /* FBSDKShareKit.framework */,
				3339CE4D1B43D2CA001C222C /* FBSDKCoreKit.framework */,
				3339CE3D1B43AD32001C222C /* Social.framework */,
				3339CE3B1B43AD2D001C222C /* Accounts.framework */,
				3339CE391B43A9AF001C222C /* libz.dylib */,
				3339CE5D1B43D389001C222C /* ParseFacebookUtilsV4.framework */,
				3339CE371B43A9A7001C222C /* SystemConfiguration.framework */,
				3339CE351B43A99E001C222C /* StoreKit.framework */,
				3339CE331B43A999001C222C /* Security.framework */,
				3339CE311B43A992001C222C /* QuartzCore.framework */,
				3339CE2F1B43A98A001C222C /* MobileCoreServices.framework */,
				3339CE2D1B43A983001C222C /* CoreLocation.framework */,
				3339CE2B1B43A97D001C222C /* CoreGraphics.framework */,
				3339CE291B43A977001C222C /* CFNetwork.framework */,
				3339CE271B43A971001C222C /* AudioToolbox.framework */,
				3339CDDE1B422C9B001C222C /* libsqlite3.dylib */,
				C17C68CBC406450F3E7DF87E /* Pods_tipsy.framework */,
			);
			name = Frameworks;
			sourceTree = "<group>";
		};
/* End PBXGroup section */

/* Begin PBXNativeTarget section */
		3363448F1B3283F800DF3D90 /* tipsy */ = {
			isa = PBXNativeTarget;
			buildConfigurationList = 336344AF1B3283F800DF3D90 /* Build configuration list for PBXNativeTarget "tipsy" */;
			buildPhases = (
				52F994BDA820F1885187AD29 /* Check Pods Manifest.lock */,
				3363448C1B3283F800DF3D90 /* Sources */,
				3363448D1B3283F800DF3D90 /* Frameworks */,
				3363448E1B3283F800DF3D90 /* Resources */,
				66F758DD3E9127F83B2146EE /* Embed Pods Frameworks */,
				82CD7307E3AECA9322D0FE4D /* Copy Pods Resources */,
			);
			buildRules = (
			);
			dependencies = (
			);
			name = tipsy;
			productName = tipsy;
			productReference = 336344901B3283F800DF3D90 /* tipsy.app */;
			productType = "com.apple.product-type.application";
		};
		336344A41B3283F800DF3D90 /* tipsyTests */ = {
			isa = PBXNativeTarget;
			buildConfigurationList = 336344B21B3283F800DF3D90 /* Build configuration list for PBXNativeTarget "tipsyTests" */;
			buildPhases = (
				336344A11B3283F800DF3D90 /* Sources */,
				336344A21B3283F800DF3D90 /* Frameworks */,
				336344A31B3283F800DF3D90 /* Resources */,
			);
			buildRules = (
			);
			dependencies = (
				336344A71B3283F800DF3D90 /* PBXTargetDependency */,
			);
			name = tipsyTests;
			productName = tipsyTests;
			productReference = 336344A51B3283F800DF3D90 /* tipsyTests.xctest */;
			productType = "com.apple.product-type.bundle.unit-test";
		};
/* End PBXNativeTarget section */

/* Begin PBXProject section */
		336344881B3283F800DF3D90 /* Project object */ = {
			isa = PBXProject;
			attributes = {
				LastUpgradeCheck = 0630;
				ORGANIZATIONNAME = Wavelength;
				TargetAttributes = {
					3363448F1B3283F800DF3D90 = {
						CreatedOnToolsVersion = 6.3.2;
						DevelopmentTeam = 77EJE43K3R;
					};
					336344A41B3283F800DF3D90 = {
						CreatedOnToolsVersion = 6.3.2;
						TestTargetID = 3363448F1B3283F800DF3D90;
					};
				};
			};
			buildConfigurationList = 3363448B1B3283F800DF3D90 /* Build configuration list for PBXProject "tipsy" */;
			compatibilityVersion = "Xcode 3.2";
			developmentRegion = English;
			hasScannedForEncodings = 0;
			knownRegions = (
				en,
				Base,
			);
			mainGroup = 336344871B3283F800DF3D90;
			productRefGroup = 336344911B3283F800DF3D90 /* Products */;
			projectDirPath = "";
			projectRoot = "";
			targets = (
				3363448F1B3283F800DF3D90 /* tipsy */,
				336344A41B3283F800DF3D90 /* tipsyTests */,
			);
		};
/* End PBXProject section */

/* Begin PBXResourcesBuildPhase section */
		3363448E1B3283F800DF3D90 /* Resources */ = {
			isa = PBXResourcesBuildPhase;
			buildActionMask = 2147483647;
			files = (
				3339CDDD1B42253A001C222C /* Edit-25.png in Resources */,
				332476ED1B4FDB1E00CF0881 /* login_with_fb.png in Resources */,
				3363449B1B3283F800DF3D90 /* Main.storyboard in Resources */,
				332476E31B4CE46100CF0881 /* Gender Neutral User-100.png in Resources */,
				3339CDDB1B4223CA001C222C /* Gender Neutral User-25.png in Resources */,
				3339CDD91B4222DE001C222C /* RSS-25.png in Resources */,
				3339CDD51B422165001C222C /* Map-50.png in Resources */,
				336344A01B3283F800DF3D90 /* LaunchScreen.xib in Resources */,
				3363449D1B3283F800DF3D90 /* Images.xcassets in Resources */,
				332476EF1B4FDC8500CF0881 /* login_with_fb_208x51.png in Resources */,
				3339CDD71B422186001C222C /* Map-25.png in Resources */,
				332476E51B4CF0AE00CF0881 /* Compact Camera-100.png in Resources */,
			);
			runOnlyForDeploymentPostprocessing = 0;
		};
		336344A31B3283F800DF3D90 /* Resources */ = {
			isa = PBXResourcesBuildPhase;
			buildActionMask = 2147483647;
			files = (
			);
			runOnlyForDeploymentPostprocessing = 0;
		};
/* End PBXResourcesBuildPhase section */

/* Begin PBXShellScriptBuildPhase section */
		52F994BDA820F1885187AD29 /* Check Pods Manifest.lock */ = {
			isa = PBXShellScriptBuildPhase;
			buildActionMask = 2147483647;
			files = (
			);
			inputPaths = (
			);
			name = "Check Pods Manifest.lock";
			outputPaths = (
			);
			runOnlyForDeploymentPostprocessing = 0;
			shellPath = /bin/sh;
			shellScript = "diff \"${PODS_ROOT}/../Podfile.lock\" \"${PODS_ROOT}/Manifest.lock\" > /dev/null\nif [[ $? != 0 ]] ; then\n    cat << EOM\nerror: The sandbox is not in sync with the Podfile.lock. Run 'pod install' or update your CocoaPods installation.\nEOM\n    exit 1\nfi\n";
			showEnvVarsInLog = 0;
		};
		66F758DD3E9127F83B2146EE /* Embed Pods Frameworks */ = {
			isa = PBXShellScriptBuildPhase;
			buildActionMask = 2147483647;
			files = (
			);
			inputPaths = (
			);
			name = "Embed Pods Frameworks";
			outputPaths = (
			);
			runOnlyForDeploymentPostprocessing = 0;
			shellPath = /bin/sh;
			shellScript = "\"${SRCROOT}/Pods/Target Support Files/Pods-tipsy/Pods-tipsy-frameworks.sh\"\n";
			showEnvVarsInLog = 0;
		};
		82CD7307E3AECA9322D0FE4D /* Copy Pods Resources */ = {
			isa = PBXShellScriptBuildPhase;
			buildActionMask = 2147483647;
			files = (
			);
			inputPaths = (
			);
			name = "Copy Pods Resources";
			outputPaths = (
			);
			runOnlyForDeploymentPostprocessing = 0;
			shellPath = /bin/sh;
			shellScript = "\"${SRCROOT}/Pods/Target Support Files/Pods-tipsy/Pods-tipsy-resources.sh\"\n";
			showEnvVarsInLog = 0;
		};
/* End PBXShellScriptBuildPhase section */

/* Begin PBXSourcesBuildPhase section */
		3363448C1B3283F800DF3D90 /* Sources */ = {
			isa = PBXSourcesBuildPhase;
			buildActionMask = 2147483647;
			files = (
				3339CDD31B3B832D001C222C /* LocationViewController.swift in Sources */,
				3339CE601B44ACDB001C222C /* CheckinAnnotation.swift in Sources */,
				3339CDF61B424B7D001C222C /* ModelManager.swift in Sources */,
				3339CE161B424EE6001C222C /* FMDatabasePool.m in Sources */,
				332476DD1B4B5CA300CF0881 /* FeedViewController.swift in Sources */,
				336344981B3283F800DF3D90 /* ViewController.swift in Sources */,
				3339CE121B424EE6001C222C /* FMDatabase.m in Sources */,
				3339CE131B424EE6001C222C /* FMResultSet.m in Sources */,
				332476EB1B4E1B4700CF0881 /* FeedPictureCell.swift in Sources */,
				3339CE181B425172001C222C /* CheckInViewController.swift in Sources */,
				332476F11B51811100CF0881 /* QueryController.swift in Sources */,
				336344C11B3B271200DF3D90 /* FacebookController.swift in Sources */,
				336344BF1B3358D500DF3D90 /* FriendsListViewController.swift in Sources */,
				3339CDF41B4244D1001C222C /* Util.swift in Sources */,
				3339CE141B424EE6001C222C /* FMDatabaseQueue.m in Sources */,
				332476DF1B4C7D8D00CF0881 /* TabBarController.swift in Sources */,
				332476E91B4E0A4600CF0881 /* FeedTextCell.swift in Sources */,
				336344961B3283F800DF3D90 /* AppDelegate.swift in Sources */,
				332476E11B4C846600CF0881 /* MeViewController.swift in Sources */,
				3339CE1A1B4357C2001C222C /* ProfileViewController.swift in Sources */,
				3339CE621B47D89C001C222C /* CheckinAnnotationView.swift in Sources */,
				3339CDF21B423EB2001C222C /* Checkin.swift in Sources */,
				3339CE151B424EE6001C222C /* FMDatabaseAdditions.m in Sources */,
				3339CE441B43B084001C222C /* InitialViewController.swift in Sources */,
			);
			runOnlyForDeploymentPostprocessing = 0;
		};
		336344A11B3283F800DF3D90 /* Sources */ = {
			isa = PBXSourcesBuildPhase;
			buildActionMask = 2147483647;
			files = (
				336344AC1B3283F800DF3D90 /* tipsyTests.swift in Sources */,
			);
			runOnlyForDeploymentPostprocessing = 0;
		};
/* End PBXSourcesBuildPhase section */

/* Begin PBXTargetDependency section */
		336344A71B3283F800DF3D90 /* PBXTargetDependency */ = {
			isa = PBXTargetDependency;
			target = 3363448F1B3283F800DF3D90 /* tipsy */;
			targetProxy = 336344A61B3283F800DF3D90 /* PBXContainerItemProxy */;
		};
/* End PBXTargetDependency section */

/* Begin PBXVariantGroup section */
		336344991B3283F800DF3D90 /* Main.storyboard */ = {
			isa = PBXVariantGroup;
			children = (
				3363449A1B3283F800DF3D90 /* Base */,
			);
			name = Main.storyboard;
			sourceTree = "<group>";
		};
		3363449E1B3283F800DF3D90 /* LaunchScreen.xib */ = {
			isa = PBXVariantGroup;
			children = (
				3363449F1B3283F800DF3D90 /* Base */,
			);
			name = LaunchScreen.xib;
			sourceTree = "<group>";
		};
/* End PBXVariantGroup section */

/* Begin XCBuildConfiguration section */
		336344AD1B3283F800DF3D90 /* Debug */ = {
			isa = XCBuildConfiguration;
			buildSettings = {
				ALWAYS_SEARCH_USER_PATHS = NO;
				CLANG_CXX_LANGUAGE_STANDARD = "gnu++0x";
				CLANG_CXX_LIBRARY = "libc++";
				CLANG_ENABLE_MODULES = YES;
				CLANG_ENABLE_OBJC_ARC = YES;
				CLANG_WARN_BOOL_CONVERSION = YES;
				CLANG_WARN_CONSTANT_CONVERSION = YES;
				CLANG_WARN_DIRECT_OBJC_ISA_USAGE = YES_ERROR;
				CLANG_WARN_EMPTY_BODY = YES;
				CLANG_WARN_ENUM_CONVERSION = YES;
				CLANG_WARN_INT_CONVERSION = YES;
				CLANG_WARN_OBJC_ROOT_CLASS = YES_ERROR;
				CLANG_WARN_UNREACHABLE_CODE = YES;
				CLANG_WARN__DUPLICATE_METHOD_MATCH = YES;
				"CODE_SIGN_IDENTITY[sdk=iphoneos*]" = "iPhone Developer";
				COPY_PHASE_STRIP = NO;
				DEBUG_INFORMATION_FORMAT = "dwarf-with-dsym";
				ENABLE_STRICT_OBJC_MSGSEND = YES;
				GCC_C_LANGUAGE_STANDARD = gnu99;
				GCC_DYNAMIC_NO_PIC = NO;
				GCC_NO_COMMON_BLOCKS = YES;
				GCC_OPTIMIZATION_LEVEL = 0;
				GCC_PREPROCESSOR_DEFINITIONS = (
					"DEBUG=1",
					"$(inherited)",
				);
				GCC_SYMBOLS_PRIVATE_EXTERN = NO;
				GCC_WARN_64_TO_32_BIT_CONVERSION = YES;
				GCC_WARN_ABOUT_RETURN_TYPE = YES_ERROR;
				GCC_WARN_UNDECLARED_SELECTOR = YES;
				GCC_WARN_UNINITIALIZED_AUTOS = YES_AGGRESSIVE;
				GCC_WARN_UNUSED_FUNCTION = YES;
				GCC_WARN_UNUSED_VARIABLE = YES;
				IPHONEOS_DEPLOYMENT_TARGET = 8.3;
				MTL_ENABLE_DEBUG_INFO = YES;
				ONLY_ACTIVE_ARCH = YES;
				SDKROOT = iphoneos;
				SWIFT_OPTIMIZATION_LEVEL = "-Onone";
				TARGETED_DEVICE_FAMILY = "1,2";
			};
			name = Debug;
		};
		336344AE1B3283F800DF3D90 /* Release */ = {
			isa = XCBuildConfiguration;
			buildSettings = {
				ALWAYS_SEARCH_USER_PATHS = NO;
				CLANG_CXX_LANGUAGE_STANDARD = "gnu++0x";
				CLANG_CXX_LIBRARY = "libc++";
				CLANG_ENABLE_MODULES = YES;
				CLANG_ENABLE_OBJC_ARC = YES;
				CLANG_WARN_BOOL_CONVERSION = YES;
				CLANG_WARN_CONSTANT_CONVERSION = YES;
				CLANG_WARN_DIRECT_OBJC_ISA_USAGE = YES_ERROR;
				CLANG_WARN_EMPTY_BODY = YES;
				CLANG_WARN_ENUM_CONVERSION = YES;
				CLANG_WARN_INT_CONVERSION = YES;
				CLANG_WARN_OBJC_ROOT_CLASS = YES_ERROR;
				CLANG_WARN_UNREACHABLE_CODE = YES;
				CLANG_WARN__DUPLICATE_METHOD_MATCH = YES;
				"CODE_SIGN_IDENTITY[sdk=iphoneos*]" = "iPhone Developer";
				COPY_PHASE_STRIP = NO;
				DEBUG_INFORMATION_FORMAT = "dwarf-with-dsym";
				ENABLE_NS_ASSERTIONS = NO;
				ENABLE_STRICT_OBJC_MSGSEND = YES;
				GCC_C_LANGUAGE_STANDARD = gnu99;
				GCC_NO_COMMON_BLOCKS = YES;
				GCC_WARN_64_TO_32_BIT_CONVERSION = YES;
				GCC_WARN_ABOUT_RETURN_TYPE = YES_ERROR;
				GCC_WARN_UNDECLARED_SELECTOR = YES;
				GCC_WARN_UNINITIALIZED_AUTOS = YES_AGGRESSIVE;
				GCC_WARN_UNUSED_FUNCTION = YES;
				GCC_WARN_UNUSED_VARIABLE = YES;
				IPHONEOS_DEPLOYMENT_TARGET = 8.3;
				MTL_ENABLE_DEBUG_INFO = NO;
				SDKROOT = iphoneos;
				TARGETED_DEVICE_FAMILY = "1,2";
				VALIDATE_PRODUCT = YES;
			};
			name = Release;
		};
		336344B01B3283F800DF3D90 /* Debug */ = {
			isa = XCBuildConfiguration;
			baseConfigurationReference = 329318A9E52DEB351C66B293 /* Pods-tipsy.debug.xcconfig */;
			buildSettings = {
				ASSETCATALOG_COMPILER_APPICON_NAME = AppIcon;
				CLANG_ALLOW_NON_MODULAR_INCLUDES_IN_FRAMEWORK_MODULES = YES;
				CODE_SIGN_IDENTITY = "iPhone Developer";
				FRAMEWORK_SEARCH_PATHS = (
					"$(inherited)",
					/Users/debarshi/Documents/FacebookSDK,
					"/Users/debarshi/Downloads/parse-library-1.7.5",
					"$(PROJECT_DIR)/tipsy",
					"$(PROJECT_DIR)",
				);
				INFOPLIST_FILE = tipsy/Info.plist;
				IPHONEOS_DEPLOYMENT_TARGET = 8.3;
				LD_RUNPATH_SEARCH_PATHS = "$(inherited) @executable_path/Frameworks";
				OTHER_LDFLAGS = (
					"$(inherited)",
					"-ObjC",
					"-framework",
					"\"SQLite\"",
					"-framework",
					"\"SwiftAddressBook\"",
					"-all_load",
				);
				PRODUCT_NAME = "$(TARGET_NAME)";
				SWIFT_OBJC_BRIDGING_HEADER = "tipsy/Bridging-Header.h";
			};
			name = Debug;
		};
		336344B11B3283F800DF3D90 /* Release */ = {
			isa = XCBuildConfiguration;
			baseConfigurationReference = EE608E87B177E85FD1EFE7C0 /* Pods-tipsy.release.xcconfig */;
			buildSettings = {
				ASSETCATALOG_COMPILER_APPICON_NAME = AppIcon;
				CLANG_ALLOW_NON_MODULAR_INCLUDES_IN_FRAMEWORK_MODULES = YES;
				CODE_SIGN_IDENTITY = "iPhone Developer";
				FRAMEWORK_SEARCH_PATHS = (
					"$(inherited)",
					/Users/debarshi/Documents/FacebookSDK,
					"/Users/debarshi/Downloads/parse-library-1.7.5",
					"$(PROJECT_DIR)/tipsy",
					"$(PROJECT_DIR)",
				);
				INFOPLIST_FILE = tipsy/Info.plist;
				IPHONEOS_DEPLOYMENT_TARGET = 8.3;
				LD_RUNPATH_SEARCH_PATHS = "$(inherited) @executable_path/Frameworks";
				OTHER_LDFLAGS = (
					"$(inherited)",
					"-ObjC",
					"-framework",
					"\"SQLite\"",
					"-framework",
					"\"SwiftAddressBook\"",
					"-all_load",
				);
				PRODUCT_NAME = "$(TARGET_NAME)";
				SWIFT_OBJC_BRIDGING_HEADER = "tipsy/Bridging-Header.h";
			};
			name = Release;
		};
		336344B31B3283F800DF3D90 /* Debug */ = {
			isa = XCBuildConfiguration;
			buildSettings = {
				BUNDLE_LOADER = "$(TEST_HOST)";
				FRAMEWORK_SEARCH_PATHS = (
					"$(SDKROOT)/Developer/Library/Frameworks",
					"$(inherited)",
				);
				GCC_PREPROCESSOR_DEFINITIONS = (
					"DEBUG=1",
					"$(inherited)",
				);
				INFOPLIST_FILE = tipsyTests/Info.plist;
				LD_RUNPATH_SEARCH_PATHS = "$(inherited) @executable_path/Frameworks @loader_path/Frameworks";
				PRODUCT_NAME = "$(TARGET_NAME)";
				TEST_HOST = "$(BUILT_PRODUCTS_DIR)/tipsy.app/tipsy";
			};
			name = Debug;
		};
		336344B41B3283F800DF3D90 /* Release */ = {
			isa = XCBuildConfiguration;
			buildSettings = {
				BUNDLE_LOADER = "$(TEST_HOST)";
				FRAMEWORK_SEARCH_PATHS = (
					"$(SDKROOT)/Developer/Library/Frameworks",
					"$(inherited)",
				);
				INFOPLIST_FILE = tipsyTests/Info.plist;
				LD_RUNPATH_SEARCH_PATHS = "$(inherited) @executable_path/Frameworks @loader_path/Frameworks";
				PRODUCT_NAME = "$(TARGET_NAME)";
				TEST_HOST = "$(BUILT_PRODUCTS_DIR)/tipsy.app/tipsy";
			};
			name = Release;
		};
/* End XCBuildConfiguration section */

/* Begin XCConfigurationList section */
		3363448B1B3283F800DF3D90 /* Build configuration list for PBXProject "tipsy" */ = {
			isa = XCConfigurationList;
			buildConfigurations = (
				336344AD1B3283F800DF3D90 /* Debug */,
				336344AE1B3283F800DF3D90 /* Release */,
			);
			defaultConfigurationIsVisible = 0;
			defaultConfigurationName = Release;
		};
		336344AF1B3283F800DF3D90 /* Build configuration list for PBXNativeTarget "tipsy" */ = {
			isa = XCConfigurationList;
			buildConfigurations = (
				336344B01B3283F800DF3D90 /* Debug */,
				336344B11B3283F800DF3D90 /* Release */,
			);
			defaultConfigurationIsVisible = 0;
			defaultConfigurationName = Release;
		};
		336344B21B3283F800DF3D90 /* Build configuration list for PBXNativeTarget "tipsyTests" */ = {
			isa = XCConfigurationList;
			buildConfigurations = (
				336344B31B3283F800DF3D90 /* Debug */,
				336344B41B3283F800DF3D90 /* Release */,
			);
			defaultConfigurationIsVisible = 0;
			defaultConfigurationName = Release;
		};
/* End XCConfigurationList section */
	};
	rootObject = 336344881B3283F800DF3D90 /* Project object */;
}
